PODS:
  - ChikaAssets (0.0.2)
  - ChikaContactList (0.0.2):
    - ChikaAssets
    - ChikaFirebase/Listener:Presence
    - ChikaFirebase/Query:Contact
    - ChikaUI
  - ChikaCore/Error (0.18.1)
  - ChikaCore/Model:Auth (0.18.1):
    - ChikaCore/Model:Unique
  - ChikaCore/Model:Store (0.18.1):
    - ChikaCore/Model:Unique
  - ChikaCore/Model:Unique (0.18.1)
  - ChikaCore/Process (0.18.1)
  - ChikaCore/Result (0.18.1)
  - ChikaCore/Service:Auth (0.18.1):
    - ChikaCore/Model:Auth
    - ChikaCore/Process
    - ChikaCore/Result
  - ChikaCore/Service:Listener (0.18.1):
    - ChikaCore/Process
    - ChikaCore/Result
    - ChikaCore/Service:Listener:Object
  - ChikaCore/Service:Listener:Object (0.18.1):
    - ChikaCore/Model:Store
  - ChikaCore/Service:Query (0.18.1):
    - ChikaCore/Model:Store
    - ChikaCore/Process
    - ChikaCore/Result
  - ChikaCore/Service:Writer (0.18.1):
    - ChikaCore/Model:Store
    - ChikaCore/Process
    - ChikaCore/Result
  - ChikaFirebase/Auth:Registrar (0.6):
    - ChikaCore/Error
    - ChikaCore/Service:Auth
    - ChikaFirebase/Validator:Auth
    - FirebaseCommunity/Auth
  - ChikaFirebase/Auth:SignIn (0.6):
    - ChikaCore/Error
    - ChikaCore/Service:Auth
    - ChikaFirebase/Validator:Auth
    - FirebaseCommunity/Auth
  - ChikaFirebase/Listener:AddedIntoChat (0.6):
    - ChikaCore/Error
    - ChikaCore/Service:Listener
    - ChikaCore/Service:Query
    - ChikaFirebase/Query:Chat
    - FirebaseCommunity/Auth
    - FirebaseCommunity/Database
  - ChikaFirebase/Listener:ChatParticipantPresence (0.6):
    - ChikaCore/Error
    - ChikaCore/Service:Listener
    - FirebaseCommunity/Auth
    - FirebaseCommunity/Database
  - ChikaFirebase/Listener:ChatTitleUpdate (0.6):
    - ChikaCore/Error
    - ChikaCore/Service:Listener
    - FirebaseCommunity/Database
  - ChikaFirebase/Listener:Presence (0.6):
    - ChikaCore/Error
    - ChikaCore/Service:Listener
    - FirebaseCommunity/Auth
    - FirebaseCommunity/Database
  - ChikaFirebase/Listener:RecentChatMessage (0.6):
    - ChikaCore/Error
    - ChikaCore/Service:Listener
    - ChikaCore/Service:Query
    - ChikaFirebase/Query:Chat
    - FirebaseCommunity/Auth
    - FirebaseCommunity/Database
  - ChikaFirebase/Listener:TypingStatus (0.6):
    - ChikaCore/Error
    - ChikaCore/Service:Listener
    - ChikaCore/Service:Query
    - ChikaFirebase/Query:Person
    - FirebaseCommunity/Auth
    - FirebaseCommunity/Database
  - ChikaFirebase/Query:Chat (0.6):
    - ChikaCore/Error
    - ChikaCore/Service:Query
    - ChikaFirebase/Query:RecentChatMessage
    - FirebaseCommunity/Auth
    - FirebaseCommunity/Database
  - ChikaFirebase/Query:Contact (0.6):
    - ChikaCore/Service:Query
    - ChikaFirebase/Query:Chat
    - ChikaFirebase/Query:Person
    - FirebaseCommunity/Auth
    - FirebaseCommunity/Database
  - ChikaFirebase/Query:Inbox (0.6):
    - ChikaCore/Service:Query
    - ChikaFirebase/Query:Chat
    - FirebaseCommunity/Auth
    - FirebaseCommunity/Database
  - ChikaFirebase/Query:Message (0.6):
    - ChikaCore/Service:Query
    - ChikaFirebase/Query:Person
    - FirebaseCommunity/Database
  - ChikaFirebase/Query:Person (0.6):
    - ChikaCore/Error
    - ChikaCore/Service:Query
    - FirebaseCommunity/Database
  - ChikaFirebase/Query:RecentChatMessage (0.6):
    - ChikaCore/Error
    - ChikaCore/Service:Query
    - ChikaFirebase/Query:Message
    - FirebaseCommunity/Auth
    - FirebaseCommunity/Database
  - ChikaFirebase/Query:UnreadChatMessageCount (0.6):
    - ChikaCore/Error
    - ChikaCore/Service:Query
    - ChikaFirebase/Query:Person
    - FirebaseCommunity/Auth
    - FirebaseCommunity/Database
  - ChikaFirebase/Validator:Auth (0.6)
  - ChikaFirebase/Writer:OnlinePresenceSwitcher (0.6):
    - ChikaCore/Error
    - ChikaCore/Service:Writer
    - FirebaseCommunity/Auth
    - FirebaseCommunity/Database
  - ChikaInbox (0.0.2):
    - ChikaAssets
    - ChikaFirebase/Listener:AddedIntoChat
    - ChikaFirebase/Listener:ChatParticipantPresence
    - ChikaFirebase/Listener:ChatTitleUpdate
    - ChikaFirebase/Listener:Presence
    - ChikaFirebase/Listener:RecentChatMessage
    - ChikaFirebase/Listener:TypingStatus
    - ChikaFirebase/Query:Inbox
    - ChikaFirebase/Query:UnreadChatMessageCount
    - ChikaUI
    - DateTools
  - ChikaRegistrar (0.0.2):
    - ChikaFirebase/Auth:Registrar
    - ChikaFirebase/Writer:OnlinePresenceSwitcher
  - ChikaSignIn (0.0.3):
    - ChikaFirebase/Auth:SignIn
    - ChikaFirebase/Writer:OnlinePresenceSwitcher
  - ChikaUI (0.0.6):
    - ChikaAssets
    - Kingfisher
  - ChikaWelcome (0.0.1)
  - DateTools (2.0.0)
  - FirebaseCommunity/Auth (0.1.6):
    - FirebaseCommunity/Core
    - GoogleToolboxForMac/NSDictionary+URLArguments (~> 2.1)
    - GTMSessionFetcher/Core (~> 1.1)
  - FirebaseCommunity/Core (0.1.6):
    - FirebaseCommunity/Root
    - GoogleToolboxForMac/NSData+zlib (~> 2.1)
  - FirebaseCommunity/Database (0.1.6):
    - FirebaseCommunity/Core
    - leveldb-library
  - FirebaseCommunity/Root (0.1.6)
  - GoogleToolboxForMac/DebugUtils (2.1.3):
    - GoogleToolboxForMac/Defines (= 2.1.3)
  - GoogleToolboxForMac/Defines (2.1.3)
  - GoogleToolboxForMac/NSData+zlib (2.1.3):
    - GoogleToolboxForMac/Defines (= 2.1.3)
  - GoogleToolboxForMac/NSDictionary+URLArguments (2.1.3):
    - GoogleToolboxForMac/DebugUtils (= 2.1.3)
    - GoogleToolboxForMac/Defines (= 2.1.3)
    - GoogleToolboxForMac/NSString+URLArguments (= 2.1.3)
  - GoogleToolboxForMac/NSString+URLArguments (2.1.3)
  - GTMSessionFetcher/Core (1.1.12)
  - Kingfisher (4.6.1)
  - leveldb-library (1.20)

DEPENDENCIES:
  - ChikaContactList
  - ChikaInbox
  - ChikaRegistrar
  - ChikaSignIn
  - ChikaWelcome

SPEC CHECKSUMS:
  ChikaAssets: 00d783b7b1d4a85b49e80d85bb367186471f2bf0
  ChikaContactList: c202c32beb49e098f2756c6c529f63fbb59965ea
  ChikaCore: a3c5b783a31be2f35d86d6626a6ba565c1a9ac6d
  ChikaFirebase: 1dbb8a66ef6380c71d97ffd9ee7504aa921ec990
  ChikaInbox: 7a41672f1f0304184fc17ab3a72336c3ef1b15cc
  ChikaRegistrar: 47b19f7cc4778ba822b7312be68ea2859aee16a1
  ChikaSignIn: f762f2c425e6a0611f025c490412279e3e3b2d39
  ChikaUI: 4ca4d642acbd1ade5bc620c414c7edffbed22d5c
  ChikaWelcome: e8121ea7dc752d45748f72a056aac1c424ee9424
  DateTools: 933ac9c490f21f92127cf690ccd8c397e0126caf
  FirebaseCommunity: 1f9a0e48654316b4ffe4c830db0ce72b9e2d2c9d
  GoogleToolboxForMac: 2501e2ad72a52eb3dfe7bd9aee7dad11b858bd20
  GTMSessionFetcher: ebaa1f79a5366922c1735f1566901f50beba23b7
  Kingfisher: 1f9157d9c02b380cbd0b7cc890161195164eb634
  leveldb-library: 08cba283675b7ed2d99629a4bc5fd052cd2bb6a5

PODFILE CHECKSUM: 56f46e3b6cca1573dff8adfdca24f566e54adb1f

COCOAPODS: 1.4.0
